
Microsoft Visual Studio Solution File, Format Version 12.00
# Visual Studio 15
VisualStudioVersion = 15.0.28307.271
MinimumVisualStudioVersion = 10.0.40219.1
Project("{9A19103F-16F7-4668-BE54-9A1E7A4F7556}") = "Todos2019", "Todos2019\Todos2019.csproj", "{669D8E89-A6AC-446B-95CC-41F90F1AF10A}"
EndProject
Project("{FAE04EC0-301F-11D3-BF4B-00C04F79EFBC}") = "Todos2019.Tests", "Todos2019.Tests\Todos2019.Tests.csproj", "{0A0A4EE8-8568-4C02-B61E-BF1E818B586E}"
EndProject
Global
	GlobalSection(SolutionConfigurationPlatforms) = preSolution
		Debug|Any CPU = Debug|Any CPU
		Release|Any CPU = Release|Any CPU
	EndGlobalSection
	GlobalSection(ProjectConfigurationPlatforms) = postSolution
		{669D8E89-A6AC-446B-95CC-41F90F1AF10A}.Debug|Any CPU.ActiveCfg = Debug|Any CPU
		{669D8E89-A6AC-446B-95CC-41F90F1AF10A}.Debug|Any CPU.Build.0 = Debug|Any CPU
		{669D8E89-A6AC-446B-95CC-41F90F1AF10A}.Release|Any CPU.ActiveCfg = Release|Any CPU
		{669D8E89-A6AC-446B-95CC-41F90F1AF10A}.Release|Any CPU.Build.0 = Release|Any CPU
		{0A0A4EE8-8568-4C02-B61E-BF1E818B586E}.Debug|Any CPU.ActiveCfg = Debug|Any CPU
		{0A0A4EE8-8568-4C02-B61E-BF1E818B586E}.Debug|Any CPU.Build.0 = Debug|Any CPU
		{0A0A4EE8-8568-4C02-B61E-BF1E818B586E}.Release|Any CPU.ActiveCfg = Release|Any CPU
		{0A0A4EE8-8568-4C02-B61E-BF1E818B586E}.Release|Any CPU.Build.0 = Release|Any CPU
	EndGlobalSection
	GlobalSection(SolutionProperties) = preSolution
		HideSolutionNode = FALSE
	EndGlobalSection
	GlobalSection(ExtensibilityGlobals) = postSolution
		SolutionGuid = {0E317F7C-F441-4BE2-8A57-AB7689A23616}
	EndGlobalSection
EndGlobal
